// !$*UTF8*$!
{
	archiveVersion = 1;
	classes = {
	};
	objectVersion = 52;
	objects = {

/* Begin PBXBuildFile section */
		401C61D3265F7CBB00E2388E /* WakerApp.swift in Sources */ = {isa = PBXBuildFile; fileRef = 401C61D2265F7CBB00E2388E /* WakerApp.swift */; };
		401C61D7265F7CBD00E2388E /* Assets.xcassets in Resources */ = {isa = PBXBuildFile; fileRef = 401C61D6265F7CBD00E2388E /* Assets.xcassets */; };
		401C61DA265F7CBD00E2388E /* Preview Assets.xcassets in Resources */ = {isa = PBXBuildFile; fileRef = 401C61D9265F7CBD00E2388E /* Preview Assets.xcassets */; };
		401C61E5265F7CBE00E2388E /* WakerTests.swift in Sources */ = {isa = PBXBuildFile; fileRef = 401C61E4265F7CBE00E2388E /* WakerTests.swift */; };
		401C61F0265F7CBE00E2388E /* WakerUITests.swift in Sources */ = {isa = PBXBuildFile; fileRef = 401C61EF265F7CBE00E2388E /* WakerUITests.swift */; };
		401C61FF265F8DAB00E2388E /* AlarmsViewModel.swift in Sources */ = {isa = PBXBuildFile; fileRef = 401C61FE265F8DAB00E2388E /* AlarmsViewModel.swift */; };
		401C6203265F93E400E2388E /* CommonAlarm.swift in Sources */ = {isa = PBXBuildFile; fileRef = 401C6202265F93E400E2388E /* CommonAlarm.swift */; };
		401C6205265F949000E2388E /* AlarmsView.swift in Sources */ = {isa = PBXBuildFile; fileRef = 401C6204265F949000E2388E /* AlarmsView.swift */; };
		401C6208265F9A7300E2388E /* Realm in Frameworks */ = {isa = PBXBuildFile; productRef = 401C6207265F9A7300E2388E /* Realm */; };
		403E8527266B748E0081E775 /* TimeUtils.swift in Sources */ = {isa = PBXBuildFile; fileRef = 403E8526266B748E0081E775 /* TimeUtils.swift */; };
		403E8529266BB6A00081E775 /* RegularAlarm.swift in Sources */ = {isa = PBXBuildFile; fileRef = 403E8528266BB6A00081E775 /* RegularAlarm.swift */; };
		403E852C266BDF3C0081E775 /* Binding+Extension.swift in Sources */ = {isa = PBXBuildFile; fileRef = 403E852B266BDF3C0081E775 /* Binding+Extension.swift */; };
		4053F2B626737A75001F08C2 /* Repository.swift in Sources */ = {isa = PBXBuildFile; fileRef = 4053F2B526737A75001F08C2 /* Repository.swift */; };
		4053F2B82673A10C001F08C2 /* WordsViewModel.swift in Sources */ = {isa = PBXBuildFile; fileRef = 4053F2B72673A10C001F08C2 /* WordsViewModel.swift */; };
		40578FAC2670F19E00BD3644 /* WordService.swift in Sources */ = {isa = PBXBuildFile; fileRef = 40578FAB2670F19E00BD3644 /* WordService.swift */; };
		40578FB02670F90900BD3644 /* Word.swift in Sources */ = {isa = PBXBuildFile; fileRef = 40578FAF2670F90900BD3644 /* Word.swift */; };
		40834AB92673AB50006A2C65 /* WordsView.swift in Sources */ = {isa = PBXBuildFile; fileRef = 40834AB82673AB50006A2C65 /* WordsView.swift */; };
		40834AC52674C385006A2C65 /* String+Extension.swift in Sources */ = {isa = PBXBuildFile; fileRef = 40834AC42674C385006A2C65 /* String+Extension.swift */; };
		409A7139266A0E1B00F78768 /* CommonAlarmFormView.swift in Sources */ = {isa = PBXBuildFile; fileRef = 409A7138266A0E1B00F78768 /* CommonAlarmFormView.swift */; };
		409A713B266A0E4300F78768 /* CommonAlarmFormViewModel.swift in Sources */ = {isa = PBXBuildFile; fileRef = 409A713A266A0E4300F78768 /* CommonAlarmFormViewModel.swift */; };
		40A0DDFC266E02E300C93844 /* RegularAlarmFormViewModel.swift in Sources */ = {isa = PBXBuildFile; fileRef = 40A0DDFB266E02E300C93844 /* RegularAlarmFormViewModel.swift */; };
		40A0DDFE266E02F400C93844 /* RegularAlarmFormView.swift in Sources */ = {isa = PBXBuildFile; fileRef = 40A0DDFD266E02F400C93844 /* RegularAlarmFormView.swift */; };
		40A0DE01266E0F6F00C93844 /* TimeField.swift in Sources */ = {isa = PBXBuildFile; fileRef = 40A0DE00266E0F6F00C93844 /* TimeField.swift */; };
		40A0DE04266E1EB900C93844 /* RepeatSettingsFormView.swift in Sources */ = {isa = PBXBuildFile; fileRef = 40A0DE03266E1EB900C93844 /* RepeatSettingsFormView.swift */; };
		40A0DE07266E565A00C93844 /* RepeatSettings.swift in Sources */ = {isa = PBXBuildFile; fileRef = 40A0DE06266E565A00C93844 /* RepeatSettings.swift */; };
		40A0DE10266F96B900C93844 /* Alarm.swift in Sources */ = {isa = PBXBuildFile; fileRef = 40A0DE0F266F96B900C93844 /* Alarm.swift */; };
		40B7874F26724236007D9901 /* RealmSwift in Frameworks */ = {isa = PBXBuildFile; productRef = 40B7874E26724236007D9901 /* RealmSwift */; };
		40B787532672714F007D9901 /* DataSubscriptable.swift in Sources */ = {isa = PBXBuildFile; fileRef = 40B787522672714F007D9901 /* DataSubscriptable.swift */; };
		40B78755267271C8007D9901 /* DataFetchable.swift in Sources */ = {isa = PBXBuildFile; fileRef = 40B78754267271C8007D9901 /* DataFetchable.swift */; };
		40B787592672778B007D9901 /* RegularAlarmStore.swift in Sources */ = {isa = PBXBuildFile; fileRef = 40B787582672778B007D9901 /* RegularAlarmStore.swift */; };
		40B7875B26727922007D9901 /* CommonAlarmStore.swift in Sources */ = {isa = PBXBuildFile; fileRef = 40B7875A26727922007D9901 /* CommonAlarmStore.swift */; };
/* End PBXBuildFile section */

/* Begin PBXContainerItemProxy section */
		401C61E1265F7CBE00E2388E /* PBXContainerItemProxy */ = {
			isa = PBXContainerItemProxy;
			containerPortal = 401C61C7265F7CBB00E2388E /* Project object */;
			proxyType = 1;
			remoteGlobalIDString = 401C61CE265F7CBB00E2388E;
			remoteInfo = Waker;
		};
		401C61EC265F7CBE00E2388E /* PBXContainerItemProxy */ = {
			isa = PBXContainerItemProxy;
			containerPortal = 401C61C7265F7CBB00E2388E /* Project object */;
			proxyType = 1;
			remoteGlobalIDString = 401C61CE265F7CBB00E2388E;
			remoteInfo = Waker;
		};
/* End PBXContainerItemProxy section */

/* Begin PBXFileReference section */
		401C61CF265F7CBB00E2388E /* Waker.app */ = {isa = PBXFileReference; explicitFileType = wrapper.application; includeInIndex = 0; path = Waker.app; sourceTree = BUILT_PRODUCTS_DIR; };
		401C61D2265F7CBB00E2388E /* WakerApp.swift */ = {isa = PBXFileReference; lastKnownFileType = sourcecode.swift; path = WakerApp.swift; sourceTree = "<group>"; };
		401C61D6265F7CBD00E2388E /* Assets.xcassets */ = {isa = PBXFileReference; lastKnownFileType = folder.assetcatalog; path = Assets.xcassets; sourceTree = "<group>"; };
		401C61D9265F7CBD00E2388E /* Preview Assets.xcassets */ = {isa = PBXFileReference; lastKnownFileType = folder.assetcatalog; path = "Preview Assets.xcassets"; sourceTree = "<group>"; };
		401C61DB265F7CBD00E2388E /* Info.plist */ = {isa = PBXFileReference; lastKnownFileType = text.plist.xml; path = Info.plist; sourceTree = "<group>"; };
		401C61E0265F7CBE00E2388E /* WakerTests.xctest */ = {isa = PBXFileReference; explicitFileType = wrapper.cfbundle; includeInIndex = 0; path = WakerTests.xctest; sourceTree = BUILT_PRODUCTS_DIR; };
		401C61E4265F7CBE00E2388E /* WakerTests.swift */ = {isa = PBXFileReference; lastKnownFileType = sourcecode.swift; path = WakerTests.swift; sourceTree = "<group>"; };
		401C61E6265F7CBE00E2388E /* Info.plist */ = {isa = PBXFileReference; lastKnownFileType = text.plist.xml; path = Info.plist; sourceTree = "<group>"; };
		401C61EB265F7CBE00E2388E /* WakerUITests.xctest */ = {isa = PBXFileReference; explicitFileType = wrapper.cfbundle; includeInIndex = 0; path = WakerUITests.xctest; sourceTree = BUILT_PRODUCTS_DIR; };
		401C61EF265F7CBE00E2388E /* WakerUITests.swift */ = {isa = PBXFileReference; lastKnownFileType = sourcecode.swift; path = WakerUITests.swift; sourceTree = "<group>"; };
		401C61F1265F7CBE00E2388E /* Info.plist */ = {isa = PBXFileReference; lastKnownFileType = text.plist.xml; path = Info.plist; sourceTree = "<group>"; };
		401C61FE265F8DAB00E2388E /* AlarmsViewModel.swift */ = {isa = PBXFileReference; lastKnownFileType = sourcecode.swift; path = AlarmsViewModel.swift; sourceTree = "<group>"; };
		401C6202265F93E400E2388E /* CommonAlarm.swift */ = {isa = PBXFileReference; lastKnownFileType = sourcecode.swift; path = CommonAlarm.swift; sourceTree = "<group>"; };
		401C6204265F949000E2388E /* AlarmsView.swift */ = {isa = PBXFileReference; lastKnownFileType = sourcecode.swift; path = AlarmsView.swift; sourceTree = "<group>"; };
		403E8526266B748E0081E775 /* TimeUtils.swift */ = {isa = PBXFileReference; lastKnownFileType = sourcecode.swift; path = TimeUtils.swift; sourceTree = "<group>"; };
		403E8528266BB6A00081E775 /* RegularAlarm.swift */ = {isa = PBXFileReference; lastKnownFileType = sourcecode.swift; path = RegularAlarm.swift; sourceTree = "<group>"; };
		403E852B266BDF3C0081E775 /* Binding+Extension.swift */ = {isa = PBXFileReference; lastKnownFileType = sourcecode.swift; path = "Binding+Extension.swift"; sourceTree = "<group>"; };
		4053F2B526737A75001F08C2 /* Repository.swift */ = {isa = PBXFileReference; lastKnownFileType = sourcecode.swift; path = Repository.swift; sourceTree = "<group>"; };
		4053F2B72673A10C001F08C2 /* WordsViewModel.swift */ = {isa = PBXFileReference; lastKnownFileType = sourcecode.swift; path = WordsViewModel.swift; sourceTree = "<group>"; };
		40578FAB2670F19E00BD3644 /* WordService.swift */ = {isa = PBXFileReference; lastKnownFileType = sourcecode.swift; path = WordService.swift; sourceTree = "<group>"; };
		40578FAF2670F90900BD3644 /* Word.swift */ = {isa = PBXFileReference; lastKnownFileType = sourcecode.swift; path = Word.swift; sourceTree = "<group>"; };
		40834AB82673AB50006A2C65 /* WordsView.swift */ = {isa = PBXFileReference; lastKnownFileType = sourcecode.swift; path = WordsView.swift; sourceTree = "<group>"; };
		40834AC42674C385006A2C65 /* String+Extension.swift */ = {isa = PBXFileReference; lastKnownFileType = sourcecode.swift; path = "String+Extension.swift"; sourceTree = "<group>"; };
		409A7138266A0E1B00F78768 /* CommonAlarmFormView.swift */ = {isa = PBXFileReference; lastKnownFileType = sourcecode.swift; path = CommonAlarmFormView.swift; sourceTree = "<group>"; };
		409A713A266A0E4300F78768 /* CommonAlarmFormViewModel.swift */ = {isa = PBXFileReference; lastKnownFileType = sourcecode.swift; path = CommonAlarmFormViewModel.swift; sourceTree = "<group>"; };
		40A0DDFB266E02E300C93844 /* RegularAlarmFormViewModel.swift */ = {isa = PBXFileReference; lastKnownFileType = sourcecode.swift; path = RegularAlarmFormViewModel.swift; sourceTree = "<group>"; };
		40A0DDFD266E02F400C93844 /* RegularAlarmFormView.swift */ = {isa = PBXFileReference; lastKnownFileType = sourcecode.swift; path = RegularAlarmFormView.swift; sourceTree = "<group>"; };
		40A0DE00266E0F6F00C93844 /* TimeField.swift */ = {isa = PBXFileReference; lastKnownFileType = sourcecode.swift; path = TimeField.swift; sourceTree = "<group>"; };
		40A0DE03266E1EB900C93844 /* RepeatSettingsFormView.swift */ = {isa = PBXFileReference; lastKnownFileType = sourcecode.swift; path = RepeatSettingsFormView.swift; sourceTree = "<group>"; };
		40A0DE06266E565A00C93844 /* RepeatSettings.swift */ = {isa = PBXFileReference; lastKnownFileType = sourcecode.swift; path = RepeatSettings.swift; sourceTree = "<group>"; };
		40A0DE0F266F96B900C93844 /* Alarm.swift */ = {isa = PBXFileReference; lastKnownFileType = sourcecode.swift; path = Alarm.swift; sourceTree = "<group>"; };
		40B787522672714F007D9901 /* DataSubscriptable.swift */ = {isa = PBXFileReference; lastKnownFileType = sourcecode.swift; path = DataSubscriptable.swift; sourceTree = "<group>"; };
		40B78754267271C8007D9901 /* DataFetchable.swift */ = {isa = PBXFileReference; lastKnownFileType = sourcecode.swift; path = DataFetchable.swift; sourceTree = "<group>"; };
		40B787582672778B007D9901 /* RegularAlarmStore.swift */ = {isa = PBXFileReference; lastKnownFileType = sourcecode.swift; path = RegularAlarmStore.swift; sourceTree = "<group>"; };
		40B7875A26727922007D9901 /* CommonAlarmStore.swift */ = {isa = PBXFileReference; lastKnownFileType = sourcecode.swift; path = CommonAlarmStore.swift; sourceTree = "<group>"; };
/* End PBXFileReference section */

/* Begin PBXFrameworksBuildPhase section */
		401C61CC265F7CBB00E2388E /* Frameworks */ = {
			isa = PBXFrameworksBuildPhase;
			buildActionMask = 2147483647;
			files = (
				40B7874F26724236007D9901 /* RealmSwift in Frameworks */,
				401C6208265F9A7300E2388E /* Realm in Frameworks */,
			);
			runOnlyForDeploymentPostprocessing = 0;
		};
		401C61DD265F7CBE00E2388E /* Frameworks */ = {
			isa = PBXFrameworksBuildPhase;
			buildActionMask = 2147483647;
			files = (
			);
			runOnlyForDeploymentPostprocessing = 0;
		};
		401C61E8265F7CBE00E2388E /* Frameworks */ = {
			isa = PBXFrameworksBuildPhase;
			buildActionMask = 2147483647;
			files = (
			);
			runOnlyForDeploymentPostprocessing = 0;
		};
/* End PBXFrameworksBuildPhase section */

/* Begin PBXGroup section */
		401C61C6265F7CBB00E2388E = {
			isa = PBXGroup;
			children = (
				401C61D1265F7CBB00E2388E /* Waker */,
				401C61E3265F7CBE00E2388E /* WakerTests */,
				401C61EE265F7CBE00E2388E /* WakerUITests */,
				401C61D0265F7CBB00E2388E /* Products */,
				40B7874D26724236007D9901 /* Frameworks */,
			);
			sourceTree = "<group>";
		};
		401C61D0265F7CBB00E2388E /* Products */ = {
			isa = PBXGroup;
			children = (
				401C61CF265F7CBB00E2388E /* Waker.app */,
				401C61E0265F7CBE00E2388E /* WakerTests.xctest */,
				401C61EB265F7CBE00E2388E /* WakerUITests.xctest */,
			);
			name = Products;
			sourceTree = "<group>";
		};
		401C61D1265F7CBB00E2388E /* Waker */ = {
			isa = PBXGroup;
			children = (
				40B78751267270F4007D9901 /* Repositories */,
				40B787562672758E007D9901 /* Stores */,
				40B7875026726DC8007D9901 /* Service */,
				403E852A266BDEF90081E775 /* Extensions */,
				403E8521266B739D0081E775 /* Utilities */,
				401C6200265F939700E2388E /* Views */,
				401C61FD265F8BAE00E2388E /* Models */,
				401C61D2265F7CBB00E2388E /* WakerApp.swift */,
				401C61D6265F7CBD00E2388E /* Assets.xcassets */,
				401C61DB265F7CBD00E2388E /* Info.plist */,
				401C61D8265F7CBD00E2388E /* Preview Content */,
			);
			path = Waker;
			sourceTree = "<group>";
		};
		401C61D8265F7CBD00E2388E /* Preview Content */ = {
			isa = PBXGroup;
			children = (
				401C61D9265F7CBD00E2388E /* Preview Assets.xcassets */,
			);
			path = "Preview Content";
			sourceTree = "<group>";
		};
		401C61E3265F7CBE00E2388E /* WakerTests */ = {
			isa = PBXGroup;
			children = (
				401C61E4265F7CBE00E2388E /* WakerTests.swift */,
				401C61E6265F7CBE00E2388E /* Info.plist */,
			);
			path = WakerTests;
			sourceTree = "<group>";
		};
		401C61EE265F7CBE00E2388E /* WakerUITests */ = {
			isa = PBXGroup;
			children = (
				401C61EF265F7CBE00E2388E /* WakerUITests.swift */,
				401C61F1265F7CBE00E2388E /* Info.plist */,
			);
			path = WakerUITests;
			sourceTree = "<group>";
		};
		401C61FD265F8BAE00E2388E /* Models */ = {
			isa = PBXGroup;
			children = (
				40A0DE0F266F96B900C93844 /* Alarm.swift */,
				401C6202265F93E400E2388E /* CommonAlarm.swift */,
				403E8528266BB6A00081E775 /* RegularAlarm.swift */,
				40A0DE06266E565A00C93844 /* RepeatSettings.swift */,
				40578FAF2670F90900BD3644 /* Word.swift */,
			);
			path = Models;
			sourceTree = "<group>";
		};
		401C6200265F939700E2388E /* Views */ = {
			isa = PBXGroup;
			children = (
				40A0DDFF266E0F5100C93844 /* Common */,
				40A0DE02266E1E8700C93844 /* RepeatSettingsForm */,
				40A0DDFA266DF23900C93844 /* RegularAlarmForm */,
				409A7135266A0DE900F78768 /* CommonAlarmtForm */,
				401C6201265F93C300E2388E /* Alarms */,
				40578FA72670AD4900BD3644 /* Words */,
			);
			path = Views;
			sourceTree = "<group>";
		};
		401C6201265F93C300E2388E /* Alarms */ = {
			isa = PBXGroup;
			children = (
				401C61FE265F8DAB00E2388E /* AlarmsViewModel.swift */,
				401C6204265F949000E2388E /* AlarmsView.swift */,
			);
			path = Alarms;
			sourceTree = "<group>";
		};
		403E8521266B739D0081E775 /* Utilities */ = {
			isa = PBXGroup;
			children = (
				403E8526266B748E0081E775 /* TimeUtils.swift */,
			);
			path = Utilities;
			sourceTree = "<group>";
		};
		403E852A266BDEF90081E775 /* Extensions */ = {
			isa = PBXGroup;
			children = (
				40834AC42674C385006A2C65 /* String+Extension.swift */,
				403E852B266BDF3C0081E775 /* Binding+Extension.swift */,
			);
			path = Extensions;
			sourceTree = "<group>";
		};
		40578FA72670AD4900BD3644 /* Words */ = {
			isa = PBXGroup;
			children = (
				4053F2B72673A10C001F08C2 /* WordsViewModel.swift */,
				40834AB82673AB50006A2C65 /* WordsView.swift */,
			);
			path = Words;
			sourceTree = "<group>";
		};
		409A7135266A0DE900F78768 /* CommonAlarmtForm */ = {
			isa = PBXGroup;
			children = (
				409A713A266A0E4300F78768 /* CommonAlarmFormViewModel.swift */,
				409A7138266A0E1B00F78768 /* CommonAlarmFormView.swift */,
			);
			path = CommonAlarmtForm;
			sourceTree = "<group>";
		};
		40A0DDFA266DF23900C93844 /* RegularAlarmForm */ = {
			isa = PBXGroup;
			children = (
				40A0DDFB266E02E300C93844 /* RegularAlarmFormViewModel.swift */,
				40A0DDFD266E02F400C93844 /* RegularAlarmFormView.swift */,
			);
			path = RegularAlarmForm;
			sourceTree = "<group>";
		};
		40A0DDFF266E0F5100C93844 /* Common */ = {
			isa = PBXGroup;
			children = (
				40A0DE00266E0F6F00C93844 /* TimeField.swift */,
			);
			path = Common;
			sourceTree = "<group>";
		};
		40A0DE02266E1E8700C93844 /* RepeatSettingsForm */ = {
			isa = PBXGroup;
			children = (
				40A0DE03266E1EB900C93844 /* RepeatSettingsFormView.swift */,
			);
			path = RepeatSettingsForm;
			sourceTree = "<group>";
		};
		40B7874D26724236007D9901 /* Frameworks */ = {
			isa = PBXGroup;
			children = (
			);
			name = Frameworks;
			sourceTree = "<group>";
		};
		40B7875026726DC8007D9901 /* Service */ = {
			isa = PBXGroup;
			children = (
				40B78754267271C8007D9901 /* DataFetchable.swift */,
				40578FAB2670F19E00BD3644 /* WordService.swift */,
			);
			path = Service;
			sourceTree = "<group>";
		};
		40B78751267270F4007D9901 /* Repositories */ = {
			isa = PBXGroup;
			children = (
				4053F2B526737A75001F08C2 /* Repository.swift */,
			);
			path = Repositories;
			sourceTree = "<group>";
		};
		40B787562672758E007D9901 /* Stores */ = {
			isa = PBXGroup;
			children = (
				40B787522672714F007D9901 /* DataSubscriptable.swift */,
				40B7875A26727922007D9901 /* CommonAlarmStore.swift */,
				40B787582672778B007D9901 /* RegularAlarmStore.swift */,
			);
			path = Stores;
			sourceTree = "<group>";
		};
/* End PBXGroup section */

/* Begin PBXNativeTarget section */
		401C61CE265F7CBB00E2388E /* Waker */ = {
			isa = PBXNativeTarget;
			buildConfigurationList = 401C61F4265F7CBE00E2388E /* Build configuration list for PBXNativeTarget "Waker" */;
			buildPhases = (
				401C61CB265F7CBB00E2388E /* Sources */,
				401C61CC265F7CBB00E2388E /* Frameworks */,
				401C61CD265F7CBB00E2388E /* Resources */,
			);
			buildRules = (
			);
			dependencies = (
			);
			name = Waker;
			packageProductDependencies = (
				401C6207265F9A7300E2388E /* Realm */,
				40B7874E26724236007D9901 /* RealmSwift */,
			);
			productName = Waker;
			productReference = 401C61CF265F7CBB00E2388E /* Waker.app */;
			productType = "com.apple.product-type.application";
		};
		401C61DF265F7CBE00E2388E /* WakerTests */ = {
			isa = PBXNativeTarget;
			buildConfigurationList = 401C61F7265F7CBE00E2388E /* Build configuration list for PBXNativeTarget "WakerTests" */;
			buildPhases = (
				401C61DC265F7CBE00E2388E /* Sources */,
				401C61DD265F7CBE00E2388E /* Frameworks */,
				401C61DE265F7CBE00E2388E /* Resources */,
			);
			buildRules = (
			);
			dependencies = (
				401C61E2265F7CBE00E2388E /* PBXTargetDependency */,
			);
			name = WakerTests;
			productName = WakerTests;
			productReference = 401C61E0265F7CBE00E2388E /* WakerTests.xctest */;
			productType = "com.apple.product-type.bundle.unit-test";
		};
		401C61EA265F7CBE00E2388E /* WakerUITests */ = {
			isa = PBXNativeTarget;
			buildConfigurationList = 401C61FA265F7CBE00E2388E /* Build configuration list for PBXNativeTarget "WakerUITests" */;
			buildPhases = (
				401C61E7265F7CBE00E2388E /* Sources */,
				401C61E8265F7CBE00E2388E /* Frameworks */,
				401C61E9265F7CBE00E2388E /* Resources */,
			);
			buildRules = (
			);
			dependencies = (
				401C61ED265F7CBE00E2388E /* PBXTargetDependency */,
			);
			name = WakerUITests;
			productName = WakerUITests;
			productReference = 401C61EB265F7CBE00E2388E /* WakerUITests.xctest */;
			productType = "com.apple.product-type.bundle.ui-testing";
		};
/* End PBXNativeTarget section */

/* Begin PBXProject section */
		401C61C7265F7CBB00E2388E /* Project object */ = {
			isa = PBXProject;
			attributes = {
				LastSwiftUpdateCheck = 1250;
				LastUpgradeCheck = 1250;
				TargetAttributes = {
					401C61CE265F7CBB00E2388E = {
						CreatedOnToolsVersion = 12.5;
					};
					401C61DF265F7CBE00E2388E = {
						CreatedOnToolsVersion = 12.5;
						TestTargetID = 401C61CE265F7CBB00E2388E;
					};
					401C61EA265F7CBE00E2388E = {
						CreatedOnToolsVersion = 12.5;
						TestTargetID = 401C61CE265F7CBB00E2388E;
					};
				};
			};
			buildConfigurationList = 401C61CA265F7CBB00E2388E /* Build configuration list for PBXProject "Waker" */;
			compatibilityVersion = "Xcode 9.3";
			developmentRegion = en;
			hasScannedForEncodings = 0;
			knownRegions = (
				en,
				Base,
			);
			mainGroup = 401C61C6265F7CBB00E2388E;
			packageReferences = (
				401C6206265F9A7300E2388E /* XCRemoteSwiftPackageReference "realm-cocoa" */,
			);
			productRefGroup = 401C61D0265F7CBB00E2388E /* Products */;
			projectDirPath = "";
			projectRoot = "";
			targets = (
				401C61CE265F7CBB00E2388E /* Waker */,
				401C61DF265F7CBE00E2388E /* WakerTests */,
				401C61EA265F7CBE00E2388E /* WakerUITests */,
			);
		};
/* End PBXProject section */

/* Begin PBXResourcesBuildPhase section */
		401C61CD265F7CBB00E2388E /* Resources */ = {
			isa = PBXResourcesBuildPhase;
			buildActionMask = 2147483647;
			files = (
				401C61DA265F7CBD00E2388E /* Preview Assets.xcassets in Resources */,
				401C61D7265F7CBD00E2388E /* Assets.xcassets in Resources */,
			);
			runOnlyForDeploymentPostprocessing = 0;
		};
		401C61DE265F7CBE00E2388E /* Resources */ = {
			isa = PBXResourcesBuildPhase;
			buildActionMask = 2147483647;
			files = (
			);
			runOnlyForDeploymentPostprocessing = 0;
		};
		401C61E9265F7CBE00E2388E /* Resources */ = {
			isa = PBXResourcesBuildPhase;
			buildActionMask = 2147483647;
			files = (
			);
			runOnlyForDeploymentPostprocessing = 0;
		};
/* End PBXResourcesBuildPhase section */

/* Begin PBXSourcesBuildPhase section */
		401C61CB265F7CBB00E2388E /* Sources */ = {
			isa = PBXSourcesBuildPhase;
			buildActionMask = 2147483647;
			files = (
				40A0DE07266E565A00C93844 /* RepeatSettings.swift in Sources */,
				4053F2B626737A75001F08C2 /* Repository.swift in Sources */,
				40B787532672714F007D9901 /* DataSubscriptable.swift in Sources */,
				40A0DE01266E0F6F00C93844 /* TimeField.swift in Sources */,
				40578FAC2670F19E00BD3644 /* WordService.swift in Sources */,
				4053F2B82673A10C001F08C2 /* WordsViewModel.swift in Sources */,
				401C6205265F949000E2388E /* AlarmsView.swift in Sources */,
				401C61D3265F7CBB00E2388E /* WakerApp.swift in Sources */,
				403E852C266BDF3C0081E775 /* Binding+Extension.swift in Sources */,
				40B78755267271C8007D9901 /* DataFetchable.swift in Sources */,
				40578FB02670F90900BD3644 /* Word.swift in Sources */,
				40834AB92673AB50006A2C65 /* WordsView.swift in Sources */,
				401C6203265F93E400E2388E /* CommonAlarm.swift in Sources */,
				40B787592672778B007D9901 /* RegularAlarmStore.swift in Sources */,
				40A0DE04266E1EB900C93844 /* RepeatSettingsFormView.swift in Sources */,
				403E8527266B748E0081E775 /* TimeUtils.swift in Sources */,
				40B7875B26727922007D9901 /* CommonAlarmStore.swift in Sources */,
				40A0DE10266F96B900C93844 /* Alarm.swift in Sources */,
				40A0DDFC266E02E300C93844 /* RegularAlarmFormViewModel.swift in Sources */,
				40A0DDFE266E02F400C93844 /* RegularAlarmFormView.swift in Sources */,
				409A7139266A0E1B00F78768 /* CommonAlarmFormView.swift in Sources */,
				403E8529266BB6A00081E775 /* RegularAlarm.swift in Sources */,
				401C61FF265F8DAB00E2388E /* AlarmsViewModel.swift in Sources */,
				40834AC52674C385006A2C65 /* String+Extension.swift in Sources */,
				409A713B266A0E4300F78768 /* CommonAlarmFormViewModel.swift in Sources */,
			);
			runOnlyForDeploymentPostprocessing = 0;
		};
		401C61DC265F7CBE00E2388E /* Sources */ = {
			isa = PBXSourcesBuildPhase;
			buildActionMask = 2147483647;
			files = (
				401C61E5265F7CBE00E2388E /* WakerTests.swift in Sources */,
			);
			runOnlyForDeploymentPostprocessing = 0;
		};
		401C61E7265F7CBE00E2388E /* Sources */ = {
			isa = PBXSourcesBuildPhase;
			buildActionMask = 2147483647;
			files = (
				401C61F0265F7CBE00E2388E /* WakerUITests.swift in Sources */,
			);
			runOnlyForDeploymentPostprocessing = 0;
		};
/* End PBXSourcesBuildPhase section */

/* Begin PBXTargetDependency section */
		401C61E2265F7CBE00E2388E /* PBXTargetDependency */ = {
			isa = PBXTargetDependency;
			target = 401C61CE265F7CBB00E2388E /* Waker */;
			targetProxy = 401C61E1265F7CBE00E2388E /* PBXContainerItemProxy */;
		};
		401C61ED265F7CBE00E2388E /* PBXTargetDependency */ = {
			isa = PBXTargetDependency;
			target = 401C61CE265F7CBB00E2388E /* Waker */;
			targetProxy = 401C61EC265F7CBE00E2388E /* PBXContainerItemProxy */;
		};
/* End PBXTargetDependency section */

/* Begin XCBuildConfiguration section */
		401C61F2265F7CBE00E2388E /* Debug */ = {
			isa = XCBuildConfiguration;
			buildSettings = {
				ALWAYS_SEARCH_USER_PATHS = NO;
				CLANG_ANALYZER_NONNULL = YES;
				CLANG_ANALYZER_NUMBER_OBJECT_CONVERSION = YES_AGGRESSIVE;
				CLANG_CXX_LANGUAGE_STANDARD = "gnu++14";
				CLANG_CXX_LIBRARY = "libc++";
				CLANG_ENABLE_MODULES = YES;
				CLANG_ENABLE_OBJC_ARC = YES;
				CLANG_ENABLE_OBJC_WEAK = YES;
				CLANG_WARN_BLOCK_CAPTURE_AUTORELEASING = YES;
				CLANG_WARN_BOOL_CONVERSION = YES;
				CLANG_WARN_COMMA = YES;
				CLANG_WARN_CONSTANT_CONVERSION = YES;
				CLANG_WARN_DEPRECATED_OBJC_IMPLEMENTATIONS = YES;
				CLANG_WARN_DIRECT_OBJC_ISA_USAGE = YES_ERROR;
				CLANG_WARN_DOCUMENTATION_COMMENTS = YES;
				CLANG_WARN_EMPTY_BODY = YES;
				CLANG_WARN_ENUM_CONVERSION = YES;
				CLANG_WARN_INFINITE_RECURSION = YES;
				CLANG_WARN_INT_CONVERSION = YES;
				CLANG_WARN_NON_LITERAL_NULL_CONVERSION = YES;
				CLANG_WARN_OBJC_IMPLICIT_RETAIN_SELF = YES;
				CLANG_WARN_OBJC_LITERAL_CONVERSION = YES;
				CLANG_WARN_OBJC_ROOT_CLASS = YES_ERROR;
				CLANG_WARN_QUOTED_INCLUDE_IN_FRAMEWORK_HEADER = YES;
				CLANG_WARN_RANGE_LOOP_ANALYSIS = YES;
				CLANG_WARN_STRICT_PROTOTYPES = YES;
				CLANG_WARN_SUSPICIOUS_MOVE = YES;
				CLANG_WARN_UNGUARDED_AVAILABILITY = YES_AGGRESSIVE;
				CLANG_WARN_UNREACHABLE_CODE = YES;
				CLANG_WARN__DUPLICATE_METHOD_MATCH = YES;
				COPY_PHASE_STRIP = NO;
				DEBUG_INFORMATION_FORMAT = dwarf;
				ENABLE_STRICT_OBJC_MSGSEND = YES;
				ENABLE_TESTABILITY = YES;
				GCC_C_LANGUAGE_STANDARD = gnu11;
				GCC_DYNAMIC_NO_PIC = NO;
				GCC_NO_COMMON_BLOCKS = YES;
				GCC_OPTIMIZATION_LEVEL = 0;
				GCC_PREPROCESSOR_DEFINITIONS = (
					"DEBUG=1",
					"$(inherited)",
				);
				GCC_WARN_64_TO_32_BIT_CONVERSION = YES;
				GCC_WARN_ABOUT_RETURN_TYPE = YES_ERROR;
				GCC_WARN_UNDECLARED_SELECTOR = YES;
				GCC_WARN_UNINITIALIZED_AUTOS = YES_AGGRESSIVE;
				GCC_WARN_UNUSED_FUNCTION = YES;
				GCC_WARN_UNUSED_VARIABLE = YES;
				IPHONEOS_DEPLOYMENT_TARGET = 14.5;
				MTL_ENABLE_DEBUG_INFO = INCLUDE_SOURCE;
				MTL_FAST_MATH = YES;
				ONLY_ACTIVE_ARCH = YES;
				SDKROOT = iphoneos;
				SWIFT_ACTIVE_COMPILATION_CONDITIONS = DEBUG;
				SWIFT_OPTIMIZATION_LEVEL = "-Onone";
			};
			name = Debug;
		};
		401C61F3265F7CBE00E2388E /* Release */ = {
			isa = XCBuildConfiguration;
			buildSettings = {
				ALWAYS_SEARCH_USER_PATHS = NO;
				CLANG_ANALYZER_NONNULL = YES;
				CLANG_ANALYZER_NUMBER_OBJECT_CONVERSION = YES_AGGRESSIVE;
				CLANG_CXX_LANGUAGE_STANDARD = "gnu++14";
				CLANG_CXX_LIBRARY = "libc++";
				CLANG_ENABLE_MODULES = YES;
				CLANG_ENABLE_OBJC_ARC = YES;
				CLANG_ENABLE_OBJC_WEAK = YES;
				CLANG_WARN_BLOCK_CAPTURE_AUTORELEASING = YES;
				CLANG_WARN_BOOL_CONVERSION = YES;
				CLANG_WARN_COMMA = YES;
				CLANG_WARN_CONSTANT_CONVERSION = YES;
				CLANG_WARN_DEPRECATED_OBJC_IMPLEMENTATIONS = YES;
				CLANG_WARN_DIRECT_OBJC_ISA_USAGE = YES_ERROR;
				CLANG_WARN_DOCUMENTATION_COMMENTS = YES;
				CLANG_WARN_EMPTY_BODY = YES;
				CLANG_WARN_ENUM_CONVERSION = YES;
				CLANG_WARN_INFINITE_RECURSION = YES;
				CLANG_WARN_INT_CONVERSION = YES;
				CLANG_WARN_NON_LITERAL_NULL_CONVERSION = YES;
				CLANG_WARN_OBJC_IMPLICIT_RETAIN_SELF = YES;
				CLANG_WARN_OBJC_LITERAL_CONVERSION = YES;
				CLANG_WARN_OBJC_ROOT_CLASS = YES_ERROR;
				CLANG_WARN_QUOTED_INCLUDE_IN_FRAMEWORK_HEADER = YES;
				CLANG_WARN_RANGE_LOOP_ANALYSIS = YES;
				CLANG_WARN_STRICT_PROTOTYPES = YES;
				CLANG_WARN_SUSPICIOUS_MOVE = YES;
				CLANG_WARN_UNGUARDED_AVAILABILITY = YES_AGGRESSIVE;
				CLANG_WARN_UNREACHABLE_CODE = YES;
				CLANG_WARN__DUPLICATE_METHOD_MATCH = YES;
				COPY_PHASE_STRIP = NO;
				DEBUG_INFORMATION_FORMAT = "dwarf-with-dsym";
				ENABLE_NS_ASSERTIONS = NO;
				ENABLE_STRICT_OBJC_MSGSEND = YES;
				GCC_C_LANGUAGE_STANDARD = gnu11;
				GCC_NO_COMMON_BLOCKS = YES;
				GCC_WARN_64_TO_32_BIT_CONVERSION = YES;
				GCC_WARN_ABOUT_RETURN_TYPE = YES_ERROR;
				GCC_WARN_UNDECLARED_SELECTOR = YES;
				GCC_WARN_UNINITIALIZED_AUTOS = YES_AGGRESSIVE;
				GCC_WARN_UNUSED_FUNCTION = YES;
				GCC_WARN_UNUSED_VARIABLE = YES;
				IPHONEOS_DEPLOYMENT_TARGET = 14.5;
				MTL_ENABLE_DEBUG_INFO = NO;
				MTL_FAST_MATH = YES;
				SDKROOT = iphoneos;
				SWIFT_COMPILATION_MODE = wholemodule;
				SWIFT_OPTIMIZATION_LEVEL = "-O";
				VALIDATE_PRODUCT = YES;
			};
			name = Release;
		};
		401C61F5265F7CBE00E2388E /* Debug */ = {
			isa = XCBuildConfiguration;
			buildSettings = {
				ASSETCATALOG_COMPILER_APPICON_NAME = AppIcon;
				ASSETCATALOG_COMPILER_GLOBAL_ACCENT_COLOR_NAME = AccentColor;
				CODE_SIGN_STYLE = Automatic;
				DEVELOPMENT_ASSET_PATHS = "\"Waker/Preview Content\"";
				DEVELOPMENT_TEAM = AZ5GBDWZ9H;
				ENABLE_PREVIEWS = YES;
				INFOPLIST_FILE = Waker/Info.plist;
				IPHONEOS_DEPLOYMENT_TARGET = 14.0;
				LD_RUNPATH_SEARCH_PATHS = (
					"$(inherited)",
					"@executable_path/Frameworks",
				);
				OTHER_SWIFT_FLAGS = "";
				PRODUCT_BUNDLE_IDENTIFIER = com.joeciou.waker.Waker;
				PRODUCT_NAME = "$(TARGET_NAME)";
				SWIFT_VERSION = 5.0;
				TARGETED_DEVICE_FAMILY = "1,2";
			};
			name = Debug;
		};
		401C61F6265F7CBE00E2388E /* Release */ = {
			isa = XCBuildConfiguration;
			buildSettings = {
				ASSETCATALOG_COMPILER_APPICON_NAME = AppIcon;
				ASSETCATALOG_COMPILER_GLOBAL_ACCENT_COLOR_NAME = AccentColor;
				CODE_SIGN_STYLE = Automatic;
				DEVELOPMENT_ASSET_PATHS = "\"Waker/Preview Content\"";
				DEVELOPMENT_TEAM = AZ5GBDWZ9H;
				ENABLE_PREVIEWS = YES;
				INFOPLIST_FILE = Waker/Info.plist;
				IPHONEOS_DEPLOYMENT_TARGET = 14.0;
				LD_RUNPATH_SEARCH_PATHS = (
					"$(inherited)",
					"@executable_path/Frameworks",
				);
				OTHER_SWIFT_FLAGS = "";
				PRODUCT_BUNDLE_IDENTIFIER = com.joeciou.waker.Waker;
				PRODUCT_NAME = "$(TARGET_NAME)";
				SWIFT_VERSION = 5.0;
				TARGETED_DEVICE_FAMILY = "1,2";
			};
			name = Release;
		};
		401C61F8265F7CBE00E2388E /* Debug */ = {
			isa = XCBuildConfiguration;
			buildSettings = {
				ALWAYS_EMBED_SWIFT_STANDARD_LIBRARIES = YES;
				BUNDLE_LOADER = "$(TEST_HOST)";
				CODE_SIGN_STYLE = Automatic;
				DEVELOPMENT_TEAM = AZ5GBDWZ9H;
				INFOPLIST_FILE = WakerTests/Info.plist;
				IPHONEOS_DEPLOYMENT_TARGET = 14.0;
				LD_RUNPATH_SEARCH_PATHS = (
					"$(inherited)",
					"@executable_path/Frameworks",
					"@loader_path/Frameworks",
				);
				PRODUCT_BUNDLE_IDENTIFIER = com.joeciou.waker.WakerTests;
				PRODUCT_NAME = "$(TARGET_NAME)";
				SWIFT_VERSION = 5.0;
				TARGETED_DEVICE_FAMILY = "1,2";
				TEST_HOST = "$(BUILT_PRODUCTS_DIR)/Waker.app/Waker";
			};
			name = Debug;
		};
		401C61F9265F7CBE00E2388E /* Release */ = {
			isa = XCBuildConfiguration;
			buildSettings = {
				ALWAYS_EMBED_SWIFT_STANDARD_LIBRARIES = YES;
				BUNDLE_LOADER = "$(TEST_HOST)";
				CODE_SIGN_STYLE = Automatic;
				DEVELOPMENT_TEAM = AZ5GBDWZ9H;
				INFOPLIST_FILE = WakerTests/Info.plist;
				IPHONEOS_DEPLOYMENT_TARGET = 14.0;
				LD_RUNPATH_SEARCH_PATHS = (
					"$(inherited)",
					"@executable_path/Frameworks",
					"@loader_path/Frameworks",
				);
				PRODUCT_BUNDLE_IDENTIFIER = com.joeciou.waker.WakerTests;
				PRODUCT_NAME = "$(TARGET_NAME)";
				SWIFT_VERSION = 5.0;
				TARGETED_DEVICE_FAMILY = "1,2";
				TEST_HOST = "$(BUILT_PRODUCTS_DIR)/Waker.app/Waker";
			};
			name = Release;
		};
		401C61FB265F7CBE00E2388E /* Debug */ = {
			isa = XCBuildConfiguration;
			buildSettings = {
				ALWAYS_EMBED_SWIFT_STANDARD_LIBRARIES = YES;
				CODE_SIGN_STYLE = Automatic;
				DEVELOPMENT_TEAM = AZ5GBDWZ9H;
				INFOPLIST_FILE = WakerUITests/Info.plist;
				LD_RUNPATH_SEARCH_PATHS = (
					"$(inherited)",
					"@executable_path/Frameworks",
					"@loader_path/Frameworks",
				);
				PRODUCT_BUNDLE_IDENTIFIER = com.joeciou.waker.WakerUITests;
				PRODUCT_NAME = "$(TARGET_NAME)";
				SWIFT_VERSION = 5.0;
				TARGETED_DEVICE_FAMILY = "1,2";
				TEST_TARGET_NAME = Waker;
			};
			name = Debug;
		};
		401C61FC265F7CBE00E2388E /* Release */ = {
			isa = XCBuildConfiguration;
			buildSettings = {
				ALWAYS_EMBED_SWIFT_STANDARD_LIBRARIES = YES;
				CODE_SIGN_STYLE = Automatic;
				DEVELOPMENT_TEAM = AZ5GBDWZ9H;
				INFOPLIST_FILE = WakerUITests/Info.plist;
				LD_RUNPATH_SEARCH_PATHS = (
					"$(inherited)",
					"@executable_path/Frameworks",
					"@loader_path/Frameworks",
				);
				PRODUCT_BUNDLE_IDENTIFIER = com.joeciou.waker.WakerUITests;
				PRODUCT_NAME = "$(TARGET_NAME)";
				SWIFT_VERSION = 5.0;
				TARGETED_DEVICE_FAMILY = "1,2";
				TEST_TARGET_NAME = Waker;
			};
			name = Release;
		};
/* End XCBuildConfiguration section */

/* Begin XCConfigurationList section */
		401C61CA265F7CBB00E2388E /* Build configuration list for PBXProject "Waker" */ = {
			isa = XCConfigurationList;
			buildConfigurations = (
				401C61F2265F7CBE00E2388E /* Debug */,
				401C61F3265F7CBE00E2388E /* Release */,
			);
			defaultConfigurationIsVisible = 0;
			defaultConfigurationName = Release;
		};
		401C61F4265F7CBE00E2388E /* Build configuration list for PBXNativeTarget "Waker" */ = {
			isa = XCConfigurationList;
			buildConfigurations = (
				401C61F5265F7CBE00E2388E /* Debug */,
				401C61F6265F7CBE00E2388E /* Release */,
			);
			defaultConfigurationIsVisible = 0;
			defaultConfigurationName = Release;
		};
		401C61F7265F7CBE00E2388E /* Build configuration list for PBXNativeTarget "WakerTests" */ = {
			isa = XCConfigurationList;
			buildConfigurations = (
				401C61F8265F7CBE00E2388E /* Debug */,
				401C61F9265F7CBE00E2388E /* Release */,
			);
			defaultConfigurationIsVisible = 0;
			defaultConfigurationName = Release;
		};
		401C61FA265F7CBE00E2388E /* Build configuration list for PBXNativeTarget "WakerUITests" */ = {
			isa = XCConfigurationList;
			buildConfigurations = (
				401C61FB265F7CBE00E2388E /* Debug */,
				401C61FC265F7CBE00E2388E /* Release */,
			);
			defaultConfigurationIsVisible = 0;
			defaultConfigurationName = Release;
		};
/* End XCConfigurationList section */

/* Begin XCRemoteSwiftPackageReference section */
		401C6206265F9A7300E2388E /* XCRemoteSwiftPackageReference "realm-cocoa" */ = {
			isa = XCRemoteSwiftPackageReference;
			repositoryURL = "https://github.com/realm/realm-cocoa.git";
			requirement = {
				kind = upToNextMajorVersion;
				minimumVersion = 10.7.6;
			};
		};
/* End XCRemoteSwiftPackageReference section */

/* Begin XCSwiftPackageProductDependency section */
		401C6207265F9A7300E2388E /* Realm */ = {
			isa = XCSwiftPackageProductDependency;
			package = 401C6206265F9A7300E2388E /* XCRemoteSwiftPackageReference "realm-cocoa" */;
			productName = Realm;
		};
		40B7874E26724236007D9901 /* RealmSwift */ = {
			isa = XCSwiftPackageProductDependency;
			package = 401C6206265F9A7300E2388E /* XCRemoteSwiftPackageReference "realm-cocoa" */;
			productName = RealmSwift;
		};
/* End XCSwiftPackageProductDependency section */
	};
	rootObject = 401C61C7265F7CBB00E2388E /* Project object */;
}
